
Microsoft Visual Studio Solution File, Format Version 11.00
# Visual Studio 2010
Project("{FAE04EC0-301F-11D3-BF4B-00C04F79EFBC}") = "nextkingdom", "Assembly-CSharp-firstpass.csproj", "{639FA89D-C93C-0389-5D5B-73CF5FE03D48}"
EndProject
Project("{FAE04EC0-301F-11D3-BF4B-00C04F79EFBC}") = "nextkingdom", "Assembly-CSharp.csproj", "{5101F4A2-0B69-4F1C-2AD6-076409A15FB7}"
EndProject
Project("{FAE04EC0-301F-11D3-BF4B-00C04F79EFBC}") = "nextkingdom", "Assembly-CSharp-Editor-firstpass.csproj", "{4379B8F3-D8F8-2E9B-CD32-B6AF8BD632F3}"
EndProject
Project("{FAE04EC0-301F-11D3-BF4B-00C04F79EFBC}") = "nextkingdom", "Assembly-CSharp-Editor.csproj", "{C841950B-4391-3807-65EE-9CE063A516DB}"
EndProject
Global
	GlobalSection(SolutionConfigurationPlatforms) = preSolution
		Debug|Any CPU = Debug|Any CPU
		Release|Any CPU = Release|Any CPU
	EndGlobalSection
	GlobalSection(ProjectConfigurationPlatforms) = postSolution
		{639FA89D-C93C-0389-5D5B-73CF5FE03D48}.Debug|Any CPU.ActiveCfg = Debug|Any CPU
		{639FA89D-C93C-0389-5D5B-73CF5FE03D48}.Debug|Any CPU.Build.0 = Debug|Any CPU
		{639FA89D-C93C-0389-5D5B-73CF5FE03D48}.Release|Any CPU.ActiveCfg = Release|Any CPU
		{639FA89D-C93C-0389-5D5B-73CF5FE03D48}.Release|Any CPU.Build.0 = Release|Any CPU
		{5101F4A2-0B69-4F1C-2AD6-076409A15FB7}.Debug|Any CPU.ActiveCfg = Debug|Any CPU
		{5101F4A2-0B69-4F1C-2AD6-076409A15FB7}.Debug|Any CPU.Build.0 = Debug|Any CPU
		{5101F4A2-0B69-4F1C-2AD6-076409A15FB7}.Release|Any CPU.ActiveCfg = Release|Any CPU
		{5101F4A2-0B69-4F1C-2AD6-076409A15FB7}.Release|Any CPU.Build.0 = Release|Any CPU
		{4379B8F3-D8F8-2E9B-CD32-B6AF8BD632F3}.Debug|Any CPU.ActiveCfg = Debug|Any CPU
		{4379B8F3-D8F8-2E9B-CD32-B6AF8BD632F3}.Debug|Any CPU.Build.0 = Debug|Any CPU
		{4379B8F3-D8F8-2E9B-CD32-B6AF8BD632F3}.Release|Any CPU.ActiveCfg = Release|Any CPU
		{4379B8F3-D8F8-2E9B-CD32-B6AF8BD632F3}.Release|Any CPU.Build.0 = Release|Any CPU
		{C841950B-4391-3807-65EE-9CE063A516DB}.Debug|Any CPU.ActiveCfg = Debug|Any CPU
		{C841950B-4391-3807-65EE-9CE063A516DB}.Debug|Any CPU.Build.0 = Debug|Any CPU
		{C841950B-4391-3807-65EE-9CE063A516DB}.Release|Any CPU.ActiveCfg = Release|Any CPU
		{C841950B-4391-3807-65EE-9CE063A516DB}.Release|Any CPU.Build.0 = Release|Any CPU
	EndGlobalSection
	GlobalSection(SolutionProperties) = preSolution
		HideSolutionNode = FALSE
	EndGlobalSection
	GlobalSection(MonoDevelopProperties) = preSolution
		StartupItem = Assembly-CSharp.csproj
	EndGlobalSection
EndGlobal
