
Microsoft Visual Studio Solution File, Format Version 12.00
# Visual Studio 2015
Project("{FAE04EC0-301F-11D3-BF4B-00C04F79EFBC}") = "NextKingdom.Plugins", "NextKingdom.Plugins.csproj", "{86B7D718-0D9B-B526-111D-418A1224F85A}"
EndProject
Project("{FAE04EC0-301F-11D3-BF4B-00C04F79EFBC}") = "NextKingdom", "NextKingdom.csproj", "{668E4659-F83F-73B6-12A2-DDCD7E5BE969}"
EndProject
Project("{FAE04EC0-301F-11D3-BF4B-00C04F79EFBC}") = "NextKingdom.Editor.Plugins", "NextKingdom.Editor.Plugins.csproj", "{7FFE7128-A443-BC45-9228-47A0951BC8CE}"
EndProject
Project("{FAE04EC0-301F-11D3-BF4B-00C04F79EFBC}") = "NextKingdom.Editor", "NextKingdom.Editor.csproj", "{B35E507C-0DAB-B4EE-06DD-8E9BDBA2968B}"
EndProject
Global
	GlobalSection(SolutionConfigurationPlatforms) = preSolution
		Debug|Any CPU = Debug|Any CPU
		Release|Any CPU = Release|Any CPU
	EndGlobalSection
	GlobalSection(ProjectConfigurationPlatforms) = postSolution
		{86B7D718-0D9B-B526-111D-418A1224F85A}.Debug|Any CPU.ActiveCfg = Debug|Any CPU
		{86B7D718-0D9B-B526-111D-418A1224F85A}.Debug|Any CPU.Build.0 = Debug|Any CPU
		{86B7D718-0D9B-B526-111D-418A1224F85A}.Release|Any CPU.ActiveCfg = Release|Any CPU
		{86B7D718-0D9B-B526-111D-418A1224F85A}.Release|Any CPU.Build.0 = Release|Any CPU
		{668E4659-F83F-73B6-12A2-DDCD7E5BE969}.Debug|Any CPU.ActiveCfg = Debug|Any CPU
		{668E4659-F83F-73B6-12A2-DDCD7E5BE969}.Debug|Any CPU.Build.0 = Debug|Any CPU
		{668E4659-F83F-73B6-12A2-DDCD7E5BE969}.Release|Any CPU.ActiveCfg = Release|Any CPU
		{668E4659-F83F-73B6-12A2-DDCD7E5BE969}.Release|Any CPU.Build.0 = Release|Any CPU
		{7FFE7128-A443-BC45-9228-47A0951BC8CE}.Debug|Any CPU.ActiveCfg = Debug|Any CPU
		{7FFE7128-A443-BC45-9228-47A0951BC8CE}.Debug|Any CPU.Build.0 = Debug|Any CPU
		{7FFE7128-A443-BC45-9228-47A0951BC8CE}.Release|Any CPU.ActiveCfg = Release|Any CPU
		{7FFE7128-A443-BC45-9228-47A0951BC8CE}.Release|Any CPU.Build.0 = Release|Any CPU
		{B35E507C-0DAB-B4EE-06DD-8E9BDBA2968B}.Debug|Any CPU.ActiveCfg = Debug|Any CPU
		{B35E507C-0DAB-B4EE-06DD-8E9BDBA2968B}.Debug|Any CPU.Build.0 = Debug|Any CPU
		{B35E507C-0DAB-B4EE-06DD-8E9BDBA2968B}.Release|Any CPU.ActiveCfg = Release|Any CPU
		{B35E507C-0DAB-B4EE-06DD-8E9BDBA2968B}.Release|Any CPU.Build.0 = Release|Any CPU
	EndGlobalSection
	GlobalSection(SolutionProperties) = preSolution
		HideSolutionNode = FALSE
	EndGlobalSection
EndGlobal
